{
  "name": "webrtc-audio-controller",
  "lockfileVersion": 3,
  "requires": true,
  "packages": {
    "": {
      "dependencies": {
        "@shiguredo/rnnoise-wasm": "^2025.1.5",
        "@timephy/rnnoise-wasm": "^1.0.0"
      }
    },
    "node_modules/@shiguredo/rnnoise-wasm": {
      "version": "2025.1.5",
      "resolved": "https://registry.npmjs.org/@shiguredo/rnnoise-wasm/-/rnnoise-wasm-2025.1.5.tgz",
      "integrity": "sha512-9YJxzzHftlW936E5z9aEKK2CrPfUgc3HgZ2keyQ5e2Pb5bx+6tykYQ2Gyudvxd7Sxmlnar7SemDMFfx0OuVuGA==",
      "license": "Apache-2.0",
      "engines": {
        "node": ">=20",
        "pnpm": ">=10"
      }
    },
    "node_modules/@timephy/rnnoise-wasm": {
      "version": "1.0.0",
      "resolved": "https://registry.npmjs.org/@timephy/rnnoise-wasm/-/rnnoise-wasm-1.0.0.tgz",
      "integrity": "sha512-zzRdFyALbhaNIuEo3LKazPWxabatbPxkaBrHzRjGDlVHX2dFklh68HUENHlvHkKsq+OOQSC1ag5sGPDMDgg2CA=="
    }
  }
}
