lockfileVersion: '9.0'

settings:
  autoInstallPeers: true
  excludeLinksFromLockfile: false

importers:

  .:
    dependencies:
      '@shiguredo/rnnoise-wasm':
        specifier: ^2025.1.5
        version: 2025.1.5

packages:

  '@shiguredo/rnnoise-wasm@2025.1.5':
    resolution: {integrity: sha512-9YJxzzHftlW936E5z9aEKK2CrPfUgc3HgZ2keyQ5e2Pb5bx+6tykYQ2Gyudvxd7Sxmlnar7SemDMFfx0OuVuGA==}
    engines: {node: '>=20', pnpm: '>=10'}

snapshots:

  '@shiguredo/rnnoise-wasm@2025.1.5': {}
